{
  "lockfileVersion": 1,
  "workspaces": {
    "": {
      "name": "bun-demo",
      "dependencies": {
        "@pithos/core": "2.2.2",
      },
      "devDependencies": {
        "@types/bun": "^1.3.10",
        "fast-check": "^4.5.2",
        "typescript": "^5.9.2",
      },
    },
  },
  "packages": {
    "@pithos/core": ["@pithos/core@2.2.2", "", { "peerDependencies": { "typescript": ">=4.9.0" } }, "sha512-qXSCxuvfMMs84//heIq/cjMfca4x8eICPcG75+w6m4Zclh3tsHbMaUDtgv435avlfh5127n/In1Idj3HRXUUrw=="],

    "@types/bun": ["@types/bun@1.3.10", "", { "dependencies": { "bun-types": "1.3.10" } }, "sha512-0+rlrUrOrTSskibryHbvQkDOWRJwJZqZlxrUs1u4oOoTln8+WIXBPmAuCF35SWB2z4Zl3E84Nl/D0P7803nigQ=="],

    "@types/node": ["@types/node@25.4.0", "", { "dependencies": { "undici-types": "~7.18.0" } }, "sha512-9wLpoeWuBlcbBpOY3XmzSTG3oscB6xjBEEtn+pYXTfhyXhIxC5FsBer2KTopBlvKEiW9l13po9fq+SJY/5lkhw=="],

    "bun-types": ["bun-types@1.3.10", "", { "dependencies": { "@types/node": "*" } }, "sha512-tcpfCCl6XWo6nCVnpcVrxQ+9AYN1iqMIzgrSKYMB/fjLtV2eyAVEg7AxQJuCq/26R6HpKWykQXuSOq/21RYcbg=="],

    "fast-check": ["fast-check@4.6.0", "", { "dependencies": { "pure-rand": "^8.0.0" } }, "sha512-h7H6Dm0Fy+H4ciQYFxFjXnXkzR2kr9Fb22c0UBpHnm59K2zpr2t13aPTHlltFiNT6zuxp6HMPAVVvgur4BLdpA=="],

    "pure-rand": ["pure-rand@8.0.0", "", {}, "sha512-7rgWlxG2gAvFPIQfUreo1XYlNvrQ9VnQPFWdncPkdl3icucLK0InOxsaafbvxGTnI6Bk/Rxmslg0lQlRCuzOXw=="],

    "typescript": ["typescript@5.9.3", "", { "bin": { "tsc": "bin/tsc", "tsserver": "bin/tsserver" } }, "sha512-jl1vZzPDinLr9eUt3J/t7V6FgNEw9QjvBPdysz9KfQDD41fQrC2Y4vKQdiaUpFT4bXlb1RHhLpp8wtm6M5TgSw=="],

    "undici-types": ["undici-types@7.18.2", "", {}, "sha512-AsuCzffGHJybSaRrmr5eHr81mwJU3kjw6M+uprWvCXiNeN9SOGwQ3Jn8jb8m3Z6izVgknn1R0FTCEAP2QrLY/w=="],
  }
}
